{
  "name": "hugbot",
  "version": "1.5.0",
  "lockfileVersion": 3,
  "requires": true,
  "packages": {
    "": {
      "name": "hugbot",
      "version": "1.5.0",
      "license": "MIT",
      "dependencies": {
        "mistral-tokenizer-ts": "^1.2.0"
      },
      "devDependencies": {
        "typescript": "^5.4.3"
      }
    },
    "node_modules/mistral-tokenizer-ts": {
      "version": "1.2.0",
      "resolved": "https://registry.npmjs.org/mistral-tokenizer-ts/-/mistral-tokenizer-ts-1.2.0.tgz",
      "integrity": "sha512-H0XS1qo+P+YafrogUJTWu123YBevTaio4FWSAU9Zi/uaGsrp4RKYIKedD5M5az6hh+mIX10tnEgdENL/oySqUA=="
    },
    "node_modules/typescript": {
      "version": "5.4.3",
      "resolved": "https://registry.npmjs.org/typescript/-/typescript-5.4.3.tgz",
      "integrity": "sha512-KrPd3PKaCLr78MalgiwJnA25Nm8HAmdwN3mYUYZgG/wizIo9EainNVQI9/yDavtVFRN2h3k8uf3GLHuhDMgEHg==",
      "dev": true,
      "bin": {
        "tsc": "bin/tsc",
        "tsserver": "bin/tsserver"
      },
      "engines": {
        "node": ">=14.17"
      }
    }
  }
}
